
Microsoft Visual Studio Solution File, Format Version 12.00
# Visual Studio Version 17
VisualStudioVersion = 17.2.32602.215
MinimumVisualStudioVersion = 10.0.40219.1
Project("{2150E333-8FDC-42A3-9474-1A3956D46DE8}") = "src", "src", "{8657EB9C-4907-47B9-96A1-F1F12C56EC62}"
EndProject
Project("{2150E333-8FDC-42A3-9474-1A3956D46DE8}") = "1 - API", "1 - API", "{A215F266-333F-4F44-89A9-A38D243CBD2F}"
EndProject
Project("{2150E333-8FDC-42A3-9474-1A3956D46DE8}") = "2 - APPLICATION", "2 - APPLICATION", "{D4BD9D9E-B946-497E-A319-D2D95375048D}"
EndProject
Project("{FAE04EC0-301F-11D3-BF4B-00C04F79EFBC}") = "TOOLS.MAIL.API", "TOOLS.MAIL.API\TOOLS.MAIL.API.csproj", "{99F89D85-E87F-4AD1-A97D-D1B002DF73B4}"
EndProject
Project("{FAE04EC0-301F-11D3-BF4B-00C04F79EFBC}") = "APPLICATION", "APPLICATION\APPLICATION.csproj", "{4822C0E7-6F8B-44A9-8F0A-907FF7505D7E}"
EndProject
Global
	GlobalSection(SolutionConfigurationPlatforms) = preSolution
		Debug|Any CPU = Debug|Any CPU
		Release|Any CPU = Release|Any CPU
	EndGlobalSection
	GlobalSection(ProjectConfigurationPlatforms) = postSolution
		{99F89D85-E87F-4AD1-A97D-D1B002DF73B4}.Debug|Any CPU.ActiveCfg = Debug|Any CPU
		{99F89D85-E87F-4AD1-A97D-D1B002DF73B4}.Debug|Any CPU.Build.0 = Debug|Any CPU
		{99F89D85-E87F-4AD1-A97D-D1B002DF73B4}.Release|Any CPU.ActiveCfg = Release|Any CPU
		{99F89D85-E87F-4AD1-A97D-D1B002DF73B4}.Release|Any CPU.Build.0 = Release|Any CPU
		{4822C0E7-6F8B-44A9-8F0A-907FF7505D7E}.Debug|Any CPU.ActiveCfg = Debug|Any CPU
		{4822C0E7-6F8B-44A9-8F0A-907FF7505D7E}.Debug|Any CPU.Build.0 = Debug|Any CPU
		{4822C0E7-6F8B-44A9-8F0A-907FF7505D7E}.Release|Any CPU.ActiveCfg = Release|Any CPU
		{4822C0E7-6F8B-44A9-8F0A-907FF7505D7E}.Release|Any CPU.Build.0 = Release|Any CPU
	EndGlobalSection
	GlobalSection(SolutionProperties) = preSolution
		HideSolutionNode = FALSE
	EndGlobalSection
	GlobalSection(NestedProjects) = preSolution
		{A215F266-333F-4F44-89A9-A38D243CBD2F} = {8657EB9C-4907-47B9-96A1-F1F12C56EC62}
		{D4BD9D9E-B946-497E-A319-D2D95375048D} = {8657EB9C-4907-47B9-96A1-F1F12C56EC62}
		{99F89D85-E87F-4AD1-A97D-D1B002DF73B4} = {A215F266-333F-4F44-89A9-A38D243CBD2F}
		{4822C0E7-6F8B-44A9-8F0A-907FF7505D7E} = {D4BD9D9E-B946-497E-A319-D2D95375048D}
	EndGlobalSection
	GlobalSection(ExtensibilityGlobals) = postSolution
		SolutionGuid = {75846FD9-A71D-4066-A5B6-D93C40FA8606}
	EndGlobalSection
EndGlobal
